{
  "name": "samaros",
  "lockfileVersion": 3,
  "requires": true,
  "packages": {
    "": {
      "name": "samaros",
      "dependencies": {
        "v86": "^0.5.424"
      }
    },
    "node_modules/v86": {
      "version": "0.5.424",
      "resolved": "https://registry.npmjs.org/v86/-/v86-0.5.424.tgz",
      "integrity": "sha512-YEFGBGKVjipcUIQskAXzC9992guXg39r3Fst3rn/jNA9kiHnu5Q/dNQxXYPk6ZlWXcqxMNDaUkdEBsNY1AIYBg==",
      "license": "BSD-2-Clause"
    }
  }
}
